
Microsoft Visual Studio Solution File, Format Version 10.00
# Visual Studio 2008
Project("{FAE04EC0-301F-11D3-BF4B-00C04F79EFBC}") = "GridTest", "GridTest\GridTest.csproj", "{1143C9E0-25AC-4336-BE5D-E28F26F14588}"
EndProject
Project("{FAE04EC0-301F-11D3-BF4B-00C04F79EFBC}") = "JQGrid", "JQueryGrid\JQGrid.csproj", "{B6610FBA-5348-42DE-A1F8-13E08E5C6385}"
EndProject
Global
	GlobalSection(SubversionScc) = preSolution
		Svn-Managed = True
		Manager = AnkhSVN - Subversion Support for Visual Studio
	EndGlobalSection
	GlobalSection(SolutionConfigurationPlatforms) = preSolution
		Debug|Any CPU = Debug|Any CPU
		Release|Any CPU = Release|Any CPU
	EndGlobalSection
	GlobalSection(ProjectConfigurationPlatforms) = postSolution
		{1143C9E0-25AC-4336-BE5D-E28F26F14588}.Debug|Any CPU.ActiveCfg = Debug|Any CPU
		{1143C9E0-25AC-4336-BE5D-E28F26F14588}.Debug|Any CPU.Build.0 = Debug|Any CPU
		{1143C9E0-25AC-4336-BE5D-E28F26F14588}.Release|Any CPU.ActiveCfg = Release|Any CPU
		{1143C9E0-25AC-4336-BE5D-E28F26F14588}.Release|Any CPU.Build.0 = Release|Any CPU
		{B6610FBA-5348-42DE-A1F8-13E08E5C6385}.Debug|Any CPU.ActiveCfg = Debug|Any CPU
		{B6610FBA-5348-42DE-A1F8-13E08E5C6385}.Debug|Any CPU.Build.0 = Debug|Any CPU
		{B6610FBA-5348-42DE-A1F8-13E08E5C6385}.Release|Any CPU.ActiveCfg = Release|Any CPU
		{B6610FBA-5348-42DE-A1F8-13E08E5C6385}.Release|Any CPU.Build.0 = Release|Any CPU
	EndGlobalSection
	GlobalSection(SolutionProperties) = preSolution
		HideSolutionNode = FALSE
	EndGlobalSection
EndGlobal
